
Microsoft Visual Studio Solution File, Format Version 12.00
# Visual Studio Version 17
VisualStudioVersion = 17.5.33516.290
MinimumVisualStudioVersion = 10.0.40219.1
Project("{FAE04EC0-301F-11D3-BF4B-00C04F79EFBC}") = "egitimTest", "egitimTest\egitimTest.csproj", "{65AEA623-054C-4F24-B812-7C3534CAB054}"
EndProject
Global
	GlobalSection(SolutionConfigurationPlatforms) = preSolution
		Debug|Any CPU = Debug|Any CPU
		Release|Any CPU = Release|Any CPU
	EndGlobalSection
	GlobalSection(ProjectConfigurationPlatforms) = postSolution
		{65AEA623-054C-4F24-B812-7C3534CAB054}.Debug|Any CPU.ActiveCfg = Debug|Any CPU
		{65AEA623-054C-4F24-B812-7C3534CAB054}.Debug|Any CPU.Build.0 = Debug|Any CPU
		{65AEA623-054C-4F24-B812-7C3534CAB054}.Release|Any CPU.ActiveCfg = Release|Any CPU
		{65AEA623-054C-4F24-B812-7C3534CAB054}.Release|Any CPU.Build.0 = Release|Any CPU
	EndGlobalSection
	GlobalSection(SolutionProperties) = preSolution
		HideSolutionNode = FALSE
	EndGlobalSection
	GlobalSection(ExtensibilityGlobals) = postSolution
		SolutionGuid = {92FF050D-A4C2-4376-B311-DE73F4EB040A}
	EndGlobalSection
EndGlobal
